
Microsoft Visual Studio Solution File, Format Version 12.00
# Visual Studio 15
VisualStudioVersion = 15.0.28307.489
MinimumVisualStudioVersion = 10.0.40219.1
Project("{FAE04EC0-301F-11D3-BF4B-00C04F79EFBC}") = "UplanServer", "UplanServer\UplanServer.csproj", "{8912FDE7-2CDF-4937-ABBB-57FFBCFD1410}"
EndProject
Project("{FAE04EC0-301F-11D3-BF4B-00C04F79EFBC}") = "UplanData2DbWorker", "UplanData2DbWorker\UplanData2DbWorker.csproj", "{08D274C1-F9D1-4814-9ADD-A9ACB86C50E7}"
EndProject
Global
	GlobalSection(SolutionConfigurationPlatforms) = preSolution
		Debug|Any CPU = Debug|Any CPU
		Release|Any CPU = Release|Any CPU
	EndGlobalSection
	GlobalSection(ProjectConfigurationPlatforms) = postSolution
		{8912FDE7-2CDF-4937-ABBB-57FFBCFD1410}.Debug|Any CPU.ActiveCfg = Debug|Any CPU
		{8912FDE7-2CDF-4937-ABBB-57FFBCFD1410}.Debug|Any CPU.Build.0 = Debug|Any CPU
		{8912FDE7-2CDF-4937-ABBB-57FFBCFD1410}.Release|Any CPU.ActiveCfg = Release|Any CPU
		{8912FDE7-2CDF-4937-ABBB-57FFBCFD1410}.Release|Any CPU.Build.0 = Release|Any CPU
		{08D274C1-F9D1-4814-9ADD-A9ACB86C50E7}.Debug|Any CPU.ActiveCfg = Debug|Any CPU
		{08D274C1-F9D1-4814-9ADD-A9ACB86C50E7}.Debug|Any CPU.Build.0 = Debug|Any CPU
		{08D274C1-F9D1-4814-9ADD-A9ACB86C50E7}.Release|Any CPU.ActiveCfg = Release|Any CPU
		{08D274C1-F9D1-4814-9ADD-A9ACB86C50E7}.Release|Any CPU.Build.0 = Release|Any CPU
	EndGlobalSection
	GlobalSection(SolutionProperties) = preSolution
		HideSolutionNode = FALSE
	EndGlobalSection
	GlobalSection(ExtensibilityGlobals) = postSolution
		SolutionGuid = {D4DFE3AA-5F5F-4E9B-B0F6-47178582CB1D}
	EndGlobalSection
EndGlobal
